<?xml version="1.0" encoding="UTF-8"?>
<!DOCTYPE plist PUBLIC "-//Apple//DTD PLIST 1.0//EN" "http://www.apple.com/DTDs/PropertyList-1.0.dtd">
<plist version="1.0">
<dict>
	<key>archiveVersion</key>
	<string>1</string>
	<key>classes</key>
	<dict/>
	<key>objectVersion</key>
	<string>46</string>
	<key>objects</key>
	<dict>
		<key>04B31B0707FB47D680699760</key>
		<dict>
			<key>buildActionMask</key>
			<string>2147483647</string>
			<key>files</key>
			<array>
				<string>FAAAE7257D3A4CFC98BF33AE</string>
			</array>
			<key>isa</key>
			<string>PBXResourcesBuildPhase</string>
			<key>runOnlyForDeploymentPostprocessing</key>
			<string>0</string>
		</dict>
		<key>0684538AF7E04BA8A93DF129</key>
		<dict>
			<key>buildSettings</key>
			<dict/>
			<key>isa</key>
			<string>XCBuildConfiguration</string>
			<key>name</key>
			<string>Debug</string>
		</dict>
		<key>183752FA2D8D4A6BA2A402B4</key>
		<dict>
			<key>buildSettings</key>
			<dict>
				<key>ALWAYS_SEARCH_USER_PATHS</key>
				<string>NO</string>
				<key>ARCHS</key>
				<string>$(ARCHS_STANDARD_32_BIT)</string>
				<key>COPY_PHASE_STRIP</key>
				<string>YES</string>
				<key>GCC_C_LANGUAGE_STANDARD</key>
				<string>gnu99</string>
				<key>GCC_PRECOMPILE_PREFIX_HEADER</key>
				<string>YES</string>
				<key>GCC_PREFIX_HEADER</key>
				<string>src/duanxin-Prefix.pch</string>
				<key>GCC_VERSION</key>
				<string>com.apple.compilers.llvm.clang.1_0</string>
				<key>INFOPLIST_FILE</key>
				<string>src/duanxin-Info.plist</string>
				<key>IPHONEOS_DEPLOYMENT_TARGET</key>
				<string>5.0</string>
				<key>OTHER_LDFLAGS</key>
				<array>
					<string>-ObjC</string>
					<string>-all_load</string>
				</array>
				<key>PRODUCT_NAME</key>
				<string>$(TARGET_NAME)</string>
				<key>PUBLIC_HEADERS_FOLDER_PATH</key>
				<string>$(TARGET_NAME)</string>
				<key>SDKROOT</key>
				<string>iphoneos</string>
				<key>SKIP_INSTALL</key>
				<string>NO</string>
				<key>VALIDATE_PRODUCT</key>
				<string>YES</string>
			</dict>
			<key>isa</key>
			<string>XCBuildConfiguration</string>
			<key>name</key>
			<string>Release</string>
		</dict>
		<key>1BD83F965C5A4A98AD66285F</key>
		<dict>
			<key>buildSettings</key>
			<dict>
				<key>ALWAYS_SEARCH_USER_PATHS</key>
				<string>NO</string>
				<key>ARCHS</key>
				<string>$(ARCHS_STANDARD_32_BIT)</string>
				<key>COPY_PHASE_STRIP</key>
				<string>NO</string>
				<key>GCC_C_LANGUAGE_STANDARD</key>
				<string>gnu99</string>
				<key>GCC_DYNAMIC_NO_PIC</key>
				<string>NO</string>
				<key>GCC_OPTIMIZATION_LEVEL</key>
				<string>0</string>
				<key>GCC_PRECOMPILE_PREFIX_HEADER</key>
				<string>YES</string>
				<key>GCC_PREFIX_HEADER</key>
				<string>src/duanxin-Prefix.pch</string>
				<key>GCC_PREPROCESSOR_DEFINITIONS</key>
				<array>
					<string>DEBUG=1</string>
					<string>$(inherited)</string>
				</array>
				<key>GCC_SYMBOLS_PRIVATE_EXTERN</key>
				<string>NO</string>
				<key>GCC_VERSION</key>
				<string>com.apple.compilers.llvm.clang.1_0</string>
				<key>INFOPLIST_FILE</key>
				<string>src/duanxin-Info.plist</string>
				<key>IPHONEOS_DEPLOYMENT_TARGET</key>
				<string>5.0</string>
				<key>OTHER_LDFLAGS</key>
				<array>
					<string>-ObjC</string>
					<string>-all_load</string>
				</array>
				<key>PRODUCT_NAME</key>
				<string>$(TARGET_NAME)</string>
				<key>PUBLIC_HEADERS_FOLDER_PATH</key>
				<string>$(TARGET_NAME)</string>
				<key>SDKROOT</key>
				<string>iphoneos</string>
				<key>SKIP_INSTALL</key>
				<string>NO</string>
			</dict>
			<key>isa</key>
			<string>XCBuildConfiguration</string>
			<key>name</key>
			<string>Debug</string>
		</dict>
		<key>1F1B4EC2851A4595961B48D2</key>
		<dict>
			<key>includeInIndex</key>
			<string>1</string>
			<key>isa</key>
			<string>PBXFileReference</string>
			<key>name</key>
			<string>ConversionFormViewController.m</string>
			<key>path</key>
			<string>src/ConversionFormViewController.m</string>
			<key>sourceTree</key>
			<string>SOURCE_ROOT</string>
		</dict>
		<key>21AC8ABB17E84A4E9AFCB0F9</key>
		<dict>
			<key>buildSettings</key>
			<dict/>
			<key>isa</key>
			<string>XCBuildConfiguration</string>
			<key>name</key>
			<string>Release</string>
		</dict>
		<key>282563EF77B546F8B6BF745A</key>
		<dict>
			<key>includeInIndex</key>
			<string>1</string>
			<key>isa</key>
			<string>PBXFileReference</string>
			<key>name</key>
			<string>AppDelegate.m</string>
			<key>path</key>
			<string>src/AppDelegate.m</string>
			<key>sourceTree</key>
			<string>SOURCE_ROOT</string>
		</dict>
		<key>302872B809C64AACB613117C</key>
		<dict>
			<key>buildConfigurations</key>
			<array>
				<string>1BD83F965C5A4A98AD66285F</string>
				<string>183752FA2D8D4A6BA2A402B4</string>
			</array>
			<key>defaultConfigurationIsVisible</key>
			<string>0</string>
			<key>defaultConfigurationName</key>
			<string>Release</string>
			<key>isa</key>
			<string>XCConfigurationList</string>
		</dict>
		<key>327792E34DA3499E8D477F90</key>
		<dict>
			<key>buildActionMask</key>
			<string>2147483647</string>
			<key>files</key>
			<array/>
			<key>inputPaths</key>
			<array/>
			<key>isa</key>
			<string>PBXShellScriptBuildPhase</string>
			<key>name</key>
			<string>Build Calatrava Kernel &amp; Shell</string>
			<key>outputPaths</key>
			<array/>
			<key>runOnlyForDeploymentPostprocessing</key>
			<string>0</string>
			<key>shellPath</key>
			<string>/bin/sh</string>
			<key>shellScript</key>
			<string>source ${SRCROOT}/../build_env.sh
bundle exec rake ios:xcode:prebuild</string>
		</dict>
		<key>35C53C55CBD6440B9DE09B79</key>
		<dict>
			<key>fileRef</key>
			<string>78C9946CE4AC465B8EEED93C</string>
			<key>isa</key>
			<string>PBXBuildFile</string>
			<key>settings</key>
			<dict>
				<key>ATTRIBUTES</key>
				<array>
					<string>Public</string>
				</array>
			</dict>
		</dict>
		<key>4EECC9BB886E478EA634B36C</key>
		<dict>
			<key>includeInIndex</key>
			<string>1</string>
			<key>isa</key>
			<string>PBXFileReference</string>
			<key>name</key>
			<string>duanxin-Info.plist</string>
			<key>path</key>
			<string>src/duanxin-Info.plist</string>
			<key>sourceTree</key>
			<string>SOURCE_ROOT</string>
		</dict>
		<key>5312AF7667134D32ACDCF747</key>
		<dict>
			<key>fileRef</key>
			<string>4EECC9BB886E478EA634B36C</string>
			<key>isa</key>
			<string>PBXBuildFile</string>
		</dict>
		<key>592BB0D3A85847698FA3E392</key>
		<dict>
			<key>includeInIndex</key>
			<string>1</string>
			<key>isa</key>
			<string>PBXFileReference</string>
			<key>name</key>
			<string>AppDelegate.h</string>
			<key>path</key>
			<string>src/AppDelegate.h</string>
			<key>sourceTree</key>
			<string>SOURCE_ROOT</string>
		</dict>
		<key>5ECC9FC056174DC3BB629464</key>
		<dict>
			<key>includeInIndex</key>
			<string>1</string>
			<key>isa</key>
			<string>PBXFileReference</string>
			<key>lastKnownFileType</key>
			<string>wrapper.framework</string>
			<key>name</key>
			<string>Foundation.framework</string>
			<key>path</key>
			<string>System/Library/Frameworks/Foundation.framework</string>
			<key>sourceTree</key>
			<string>SDKROOT</string>
		</dict>
		<key>689BABF392A54C7CBDB617AC</key>
		<dict>
			<key>fileRef</key>
			<string>76244DA9073845DAAE5E484E</string>
			<key>isa</key>
			<string>PBXBuildFile</string>
		</dict>
		<key>6A507D0C7E8645D0BC32A272</key>
		<dict>
			<key>buildActionMask</key>
			<string>2147483647</string>
			<key>files</key>
			<array>
				<string>879EC3FE6F7A4F04A4038B1B</string>
				<string>A6CF03EBBD664057857FFBC9</string>
				<string>6D023E799AF64EE0B94EB5A3</string>
			</array>
			<key>isa</key>
			<string>PBXFrameworksBuildPhase</string>
			<key>runOnlyForDeploymentPostprocessing</key>
			<string>0</string>
		</dict>
		<key>6C88A4A5C8314691B9A502DB</key>
		<dict>
			<key>children</key>
			<array>
				<string>5ECC9FC056174DC3BB629464</string>
				<string>DAABE881F7444659BB22CD54</string>
				<string>759A2CDCAFD44F8A812EFD82</string>
			</array>
			<key>isa</key>
			<string>PBXGroup</string>
			<key>name</key>
			<string>Frameworks</string>
			<key>sourceTree</key>
			<string>&lt;group&gt;</string>
		</dict>
		<key>6D023E799AF64EE0B94EB5A3</key>
		<dict>
			<key>fileRef</key>
			<string>759A2CDCAFD44F8A812EFD82</string>
			<key>isa</key>
			<string>PBXBuildFile</string>
		</dict>
		<key>6EB9A0FBF6AB4500B9A19DAF</key>
		<dict>
			<key>children</key>
			<array>
				<string>76244DA9073845DAAE5E484E</string>
			</array>
			<key>isa</key>
			<string>PBXGroup</string>
			<key>name</key>
			<string>en.lproj</string>
			<key>sourceTree</key>
			<string>&lt;group&gt;</string>
		</dict>
		<key>755EEB98F8C548668CAE1E82</key>
		<dict>
			<key>includeInIndex</key>
			<string>1</string>
			<key>isa</key>
			<string>PBXFileReference</string>
			<key>name</key>
			<string>ConversionFormViewController.xib</string>
			<key>path</key>
			<string>src/ConversionFormViewController.xib</string>
			<key>sourceTree</key>
			<string>SOURCE_ROOT</string>
		</dict>
		<key>759A2CDCAFD44F8A812EFD82</key>
		<dict>
			<key>includeInIndex</key>
			<string>1</string>
			<key>isa</key>
			<string>PBXFileReference</string>
			<key>lastKnownFileType</key>
			<string>wrapper.framework</string>
			<key>name</key>
			<string>CoreGraphics.framework</string>
			<key>path</key>
			<string>System/Library/Frameworks/CoreGraphics.framework</string>
			<key>sourceTree</key>
			<string>SDKROOT</string>
		</dict>
		<key>76244DA9073845DAAE5E484E</key>
		<dict>
			<key>includeInIndex</key>
			<string>1</string>
			<key>isa</key>
			<string>PBXFileReference</string>
			<key>name</key>
			<string>InfoPlist.strings</string>
			<key>path</key>
			<string>src/en.lproj/InfoPlist.strings</string>
			<key>sourceTree</key>
			<string>SOURCE_ROOT</string>
		</dict>
		<key>78C9946CE4AC465B8EEED93C</key>
		<dict>
			<key>includeInIndex</key>
			<string>1</string>
			<key>isa</key>
			<string>PBXFileReference</string>
			<key>name</key>
			<string>ConversionFormViewController.h</string>
			<key>path</key>
			<string>src/ConversionFormViewController.h</string>
			<key>sourceTree</key>
			<string>SOURCE_ROOT</string>
		</dict>
		<key>879EC3FE6F7A4F04A4038B1B</key>
		<dict>
			<key>fileRef</key>
			<string>5ECC9FC056174DC3BB629464</string>
			<key>isa</key>
			<string>PBXBuildFile</string>
		</dict>
		<key>8BFF735C83394B2EAE23D226</key>
		<dict>
			<key>fileRef</key>
			<string>282563EF77B546F8B6BF745A</string>
			<key>isa</key>
			<string>PBXBuildFile</string>
		</dict>
		<key>986138B2AE9F460497063B9E</key>
		<dict>
			<key>attributes</key>
			<dict>
				<key>LastUpgradeCheck</key>
				<string>0420</string>
			</dict>
			<key>buildConfigurationList</key>
			<string>ECD9D7083C8A476E87902583</string>
			<key>compatibilityVersion</key>
			<string>Xcode 3.2</string>
			<key>developmentRegion</key>
			<string>English</string>
			<key>hasScannedForEncodings</key>
			<string>0</string>
			<key>isa</key>
			<string>PBXProject</string>
			<key>knownRegions</key>
			<array>
				<string>en</string>
			</array>
			<key>mainGroup</key>
			<string>A1ECF554C21546758C64F5EB</string>
			<key>productRefGroup</key>
			<string>E2747F454AF242A2B8EB3030</string>
			<key>projectDirPath</key>
			<string></string>
			<key>projectRoot</key>
			<string></string>
			<key>targets</key>
			<array>
				<string>A16035AF95FF4B7F9A4C848A</string>
			</array>
		</dict>
		<key>9AE569178E82409596F33E20</key>
		<dict>
			<key>includeInIndex</key>
			<string>1</string>
			<key>isa</key>
			<string>PBXFileReference</string>
			<key>name</key>
			<string>duanxin-Prefix.pch</string>
			<key>path</key>
			<string>src/duanxin-Prefix.pch</string>
			<key>sourceTree</key>
			<string>SOURCE_ROOT</string>
		</dict>
		<key>A16035AF95FF4B7F9A4C848A</key>
		<dict>
			<key>buildConfigurationList</key>
			<string>302872B809C64AACB613117C</string>
			<key>buildPhases</key>
			<array>
				<string>327792E34DA3499E8D477F90</string>
				<string>FDE03A1E92834E2FB3B2700B</string>
				<string>F1AD1C24C313422693036C3F</string>
				<string>6A507D0C7E8645D0BC32A272</string>
				<string>04B31B0707FB47D680699760</string>
			</array>
			<key>buildRules</key>
			<array/>
			<key>dependencies</key>
			<array/>
			<key>isa</key>
			<string>PBXNativeTarget</string>
			<key>name</key>
			<string>duanxin</string>
			<key>productName</key>
			<string>duanxin</string>
			<key>productReference</key>
			<string>F7DBBC4FDFC14D6BA40AE007</string>
			<key>productType</key>
			<string>com.apple.product-type.application</string>
		</dict>
		<key>A1ECF554C21546758C64F5EB</key>
		<dict>
			<key>children</key>
			<array>
				<string>E2747F454AF242A2B8EB3030</string>
				<string>6C88A4A5C8314691B9A502DB</string>
				<string>592BB0D3A85847698FA3E392</string>
				<string>282563EF77B546F8B6BF745A</string>
				<string>78C9946CE4AC465B8EEED93C</string>
				<string>1F1B4EC2851A4595961B48D2</string>
				<string>755EEB98F8C548668CAE1E82</string>
				<string>4EECC9BB886E478EA634B36C</string>
				<string>9AE569178E82409596F33E20</string>
				<string>6EB9A0FBF6AB4500B9A19DAF</string>
				<string>BE19F60B26304C6CB30C8E32</string>
				<string>B01AEB91B219453B97339B88</string>
			</array>
			<key>isa</key>
			<string>PBXGroup</string>
			<key>sourceTree</key>
			<string>&lt;group&gt;</string>
		</dict>
		<key>A6CF03EBBD664057857FFBC9</key>
		<dict>
			<key>fileRef</key>
			<string>DAABE881F7444659BB22CD54</string>
			<key>isa</key>
			<string>PBXBuildFile</string>
		</dict>
		<key>B01AEB91B219453B97339B88</key>
		<dict>
			<key>includeInIndex</key>
			<string>1</string>
			<key>isa</key>
			<string>PBXFileReference</string>
			<key>lastKnownFileType</key>
			<string>folder</string>
			<key>name</key>
			<string>public</string>
			<key>path</key>
			<string>public</string>
			<key>sourceTree</key>
			<string>SOURCE_ROOT</string>
		</dict>
		<key>B2AEB8F7E0B14F128E8E2050</key>
		<dict>
			<key>fileRef</key>
			<string>1F1B4EC2851A4595961B48D2</string>
			<key>isa</key>
			<string>PBXBuildFile</string>
		</dict>
		<key>BBC36D8E8D0047509997CBE2</key>
		<dict>
			<key>fileRef</key>
			<string>755EEB98F8C548668CAE1E82</string>
			<key>isa</key>
			<string>PBXBuildFile</string>
		</dict>
		<key>BE19F60B26304C6CB30C8E32</key>
		<dict>
			<key>includeInIndex</key>
			<string>1</string>
			<key>isa</key>
			<string>PBXFileReference</string>
			<key>name</key>
			<string>main.m</string>
			<key>path</key>
			<string>src/main.m</string>
			<key>sourceTree</key>
			<string>SOURCE_ROOT</string>
		</dict>
		<key>D4515CF725094BA08C177745</key>
		<dict>
			<key>fileRef</key>
			<string>9AE569178E82409596F33E20</string>
			<key>isa</key>
			<string>PBXBuildFile</string>
		</dict>
		<key>DAABE881F7444659BB22CD54</key>
		<dict>
			<key>includeInIndex</key>
			<string>1</string>
			<key>isa</key>
			<string>PBXFileReference</string>
			<key>lastKnownFileType</key>
			<string>wrapper.framework</string>
			<key>name</key>
			<string>UIKit.framework</string>
			<key>path</key>
			<string>System/Library/Frameworks/UIKit.framework</string>
			<key>sourceTree</key>
			<string>SDKROOT</string>
		</dict>
		<key>E0337A997D174B1DB9B3CF4D</key>
		<dict>
			<key>fileRef</key>
			<string>592BB0D3A85847698FA3E392</string>
			<key>isa</key>
			<string>PBXBuildFile</string>
			<key>settings</key>
			<dict>
				<key>ATTRIBUTES</key>
				<array>
					<string>Public</string>
				</array>
			</dict>
		</dict>
		<key>E2747F454AF242A2B8EB3030</key>
		<dict>
			<key>children</key>
			<array>
				<string>F7DBBC4FDFC14D6BA40AE007</string>
			</array>
			<key>isa</key>
			<string>PBXGroup</string>
			<key>name</key>
			<string>Products</string>
			<key>sourceTree</key>
			<string>&lt;group&gt;</string>
		</dict>
		<key>ECD9D7083C8A476E87902583</key>
		<dict>
			<key>buildConfigurations</key>
			<array>
				<string>0684538AF7E04BA8A93DF129</string>
				<string>21AC8ABB17E84A4E9AFCB0F9</string>
			</array>
			<key>defaultConfigurationIsVisible</key>
			<string>0</string>
			<key>defaultConfigurationName</key>
			<string>Release</string>
			<key>isa</key>
			<string>XCConfigurationList</string>
		</dict>
		<key>F1AD1C24C313422693036C3F</key>
		<dict>
			<key>buildActionMask</key>
			<string>2147483647</string>
			<key>dstPath</key>
			<string>$(PRODUCT_NAME)</string>
			<key>dstSubfolderSpec</key>
			<string>16</string>
			<key>files</key>
			<array>
				<string>E0337A997D174B1DB9B3CF4D</string>
				<string>35C53C55CBD6440B9DE09B79</string>
			</array>
			<key>isa</key>
			<string>PBXCopyFilesBuildPhase</string>
			<key>runOnlyForDeploymentPostprocessing</key>
			<string>0</string>
		</dict>
		<key>F7DBBC4FDFC14D6BA40AE007</key>
		<dict>
			<key>explicitFileType</key>
			<string>archive.ar</string>
			<key>includeInIndex</key>
			<string>0</string>
			<key>isa</key>
			<string>PBXFileReference</string>
			<key>name</key>
			<string>libduanxin.a</string>
			<key>path</key>
			<string>libduanxin.a</string>
			<key>sourceTree</key>
			<string>BUILT_PRODUCTS_DIR</string>
		</dict>
		<key>FAAAE7257D3A4CFC98BF33AE</key>
		<dict>
			<key>fileRef</key>
			<string>B01AEB91B219453B97339B88</string>
			<key>isa</key>
			<string>PBXBuildFile</string>
		</dict>
		<key>FAB4848EEF074AB389428BE7</key>
		<dict>
			<key>fileRef</key>
			<string>BE19F60B26304C6CB30C8E32</string>
			<key>isa</key>
			<string>PBXBuildFile</string>
		</dict>
		<key>FDE03A1E92834E2FB3B2700B</key>
		<dict>
			<key>buildActionMask</key>
			<string>2147483647</string>
			<key>files</key>
			<array>
				<string>8BFF735C83394B2EAE23D226</string>
				<string>B2AEB8F7E0B14F128E8E2050</string>
				<string>BBC36D8E8D0047509997CBE2</string>
				<string>5312AF7667134D32ACDCF747</string>
				<string>D4515CF725094BA08C177745</string>
				<string>689BABF392A54C7CBDB617AC</string>
				<string>FAB4848EEF074AB389428BE7</string>
			</array>
			<key>isa</key>
			<string>PBXSourcesBuildPhase</string>
			<key>runOnlyForDeploymentPostprocessing</key>
			<string>0</string>
		</dict>
	</dict>
	<key>rootObject</key>
	<string>986138B2AE9F460497063B9E</string>
</dict>
</plist>
